// !$*UTF8*$!
{
	archiveVersion = 1;
	classes = {
	};
	objectVersion = 46;
	objects = {

/* Begin PBXBuildFile section */
		AE03BA991F02AF4000C1907F /* main.m in Sources */ = {isa = PBXBuildFile; fileRef = AE03BA981F02AF4000C1907F /* main.m */; };
		AE03BA9C1F02AF4000C1907F /* AppDelegate.m in Sources */ = {isa = PBXBuildFile; fileRef = AE03BA9B1F02AF4000C1907F /* AppDelegate.m */; };
		AE03BAA21F02AF4000C1907F /* Main.storyboard in Resources */ = {isa = PBXBuildFile; fileRef = AE03BAA01F02AF4000C1907F /* Main.storyboard */; };
		AE03BAA51F02AF4000C1907F /* Livraria.xcdatamodeld in Sources */ = {isa = PBXBuildFile; fileRef = AE03BAA31F02AF4000C1907F /* Livraria.xcdatamodeld */; };
		AE03BAA71F02AF4000C1907F /* Assets.xcassets in Resources */ = {isa = PBXBuildFile; fileRef = AE03BAA61F02AF4000C1907F /* Assets.xcassets */; };
		AE03BAAA1F02AF4000C1907F /* LaunchScreen.storyboard in Resources */ = {isa = PBXBuildFile; fileRef = AE03BAA81F02AF4000C1907F /* LaunchScreen.storyboard */; };
		AE03BAB41F02B45A00C1907F /* LivrosTableViewController.m in Sources */ = {isa = PBXBuildFile; fileRef = AE03BAB31F02B45A00C1907F /* LivrosTableViewController.m */; };
		AE03BAB71F02B4F800C1907F /* FavoritosTableViewController.m in Sources */ = {isa = PBXBuildFile; fileRef = AE03BAB61F02B4F800C1907F /* FavoritosTableViewController.m */; };
		AE03BABA1F02BC1E00C1907F /* LivroTableViewCell.m in Sources */ = {isa = PBXBuildFile; fileRef = AE03BAB91F02BC1E00C1907F /* LivroTableViewCell.m */; };
		AE03BABD1F02C29000C1907F /* ourocard.png in Resources */ = {isa = PBXBuildFile; fileRef = AE03BABC1F02C29000C1907F /* ourocard.png */; };
		AEED02AF1F03D5230071A911 /* ItunesAPI.m in Sources */ = {isa = PBXBuildFile; fileRef = AEED02AE1F03D5230071A911 /* ItunesAPI.m */; };
/* End PBXBuildFile section */

/* Begin PBXFileReference section */
		AE03BA941F02AF4000C1907F /* Livraria.app */ = {isa = PBXFileReference; explicitFileType = wrapper.application; includeInIndex = 0; path = Livraria.app; sourceTree = BUILT_PRODUCTS_DIR; };
		AE03BA981F02AF4000C1907F /* main.m */ = {isa = PBXFileReference; lastKnownFileType = sourcecode.c.objc; path = main.m; sourceTree = "<group>"; };
		AE03BA9A1F02AF4000C1907F /* AppDelegate.h */ = {isa = PBXFileReference; lastKnownFileType = sourcecode.c.h; path = AppDelegate.h; sourceTree = "<group>"; };
		AE03BA9B1F02AF4000C1907F /* AppDelegate.m */ = {isa = PBXFileReference; lastKnownFileType = sourcecode.c.objc; path = AppDelegate.m; sourceTree = "<group>"; };
		AE03BAA11F02AF4000C1907F /* Base */ = {isa = PBXFileReference; lastKnownFileType = file.storyboard; name = Base; path = Base.lproj/Main.storyboard; sourceTree = "<group>"; };
		AE03BAA41F02AF4000C1907F /* Livraria.xcdatamodel */ = {isa = PBXFileReference; lastKnownFileType = wrapper.xcdatamodel; path = Livraria.xcdatamodel; sourceTree = "<group>"; };
		AE03BAA61F02AF4000C1907F /* Assets.xcassets */ = {isa = PBXFileReference; lastKnownFileType = folder.assetcatalog; path = Assets.xcassets; sourceTree = "<group>"; };
		AE03BAA91F02AF4000C1907F /* Base */ = {isa = PBXFileReference; lastKnownFileType = file.storyboard; name = Base; path = Base.lproj/LaunchScreen.storyboard; sourceTree = "<group>"; };
		AE03BAAB1F02AF4000C1907F /* Info.plist */ = {isa = PBXFileReference; lastKnownFileType = text.plist.xml; path = Info.plist; sourceTree = "<group>"; };
		AE03BAB21F02B45A00C1907F /* LivrosTableViewController.h */ = {isa = PBXFileReference; fileEncoding = 4; lastKnownFileType = sourcecode.c.h; path = LivrosTableViewController.h; sourceTree = "<group>"; };
		AE03BAB31F02B45A00C1907F /* LivrosTableViewController.m */ = {isa = PBXFileReference; fileEncoding = 4; lastKnownFileType = sourcecode.c.objc; path = LivrosTableViewController.m; sourceTree = "<group>"; };
		AE03BAB51F02B4F800C1907F /* FavoritosTableViewController.h */ = {isa = PBXFileReference; fileEncoding = 4; lastKnownFileType = sourcecode.c.h; path = FavoritosTableViewController.h; sourceTree = "<group>"; };
		AE03BAB61F02B4F800C1907F /* FavoritosTableViewController.m */ = {isa = PBXFileReference; fileEncoding = 4; lastKnownFileType = sourcecode.c.objc; path = FavoritosTableViewController.m; sourceTree = "<group>"; };
		AE03BAB81F02BC1E00C1907F /* LivroTableViewCell.h */ = {isa = PBXFileReference; fileEncoding = 4; lastKnownFileType = sourcecode.c.h; path = LivroTableViewCell.h; sourceTree = "<group>"; };
		AE03BAB91F02BC1E00C1907F /* LivroTableViewCell.m */ = {isa = PBXFileReference; fileEncoding = 4; lastKnownFileType = sourcecode.c.objc; path = LivroTableViewCell.m; sourceTree = "<group>"; };
		AE03BABC1F02C29000C1907F /* ourocard.png */ = {isa = PBXFileReference; lastKnownFileType = image.png; path = ourocard.png; sourceTree = "<group>"; };
		AEED02AD1F03D5230071A911 /* ItunesAPI.h */ = {isa = PBXFileReference; fileEncoding = 4; lastKnownFileType = sourcecode.c.h; path = ItunesAPI.h; sourceTree = "<group>"; };
		AEED02AE1F03D5230071A911 /* ItunesAPI.m */ = {isa = PBXFileReference; fileEncoding = 4; lastKnownFileType = sourcecode.c.objc; path = ItunesAPI.m; sourceTree = "<group>"; };
/* End PBXFileReference section */

/* Begin PBXFrameworksBuildPhase section */
		AE03BA911F02AF4000C1907F /* Frameworks */ = {
			isa = PBXFrameworksBuildPhase;
			buildActionMask = 2147483647;
			files = (
			);
			runOnlyForDeploymentPostprocessing = 0;
		};
/* End PBXFrameworksBuildPhase section */

/* Begin PBXGroup section */
		AE03BA8B1F02AF4000C1907F = {
			isa = PBXGroup;
			children = (
				AE03BA961F02AF4000C1907F /* Livraria */,
				AE03BA951F02AF4000C1907F /* Products */,
			);
			sourceTree = "<group>";
		};
		AE03BA951F02AF4000C1907F /* Products */ = {
			isa = PBXGroup;
			children = (
				AE03BA941F02AF4000C1907F /* Livraria.app */,
			);
			name = Products;
			sourceTree = "<group>";
		};
		AE03BA961F02AF4000C1907F /* Livraria */ = {
			isa = PBXGroup;
			children = (
				AEED02B01F03D52D0071A911 /* Negocio */,
				AE03BABB1F02C26500C1907F /* Imagens */,
				AE03BAB11F02B2C200C1907F /* Controller */,
				AE03BA9A1F02AF4000C1907F /* AppDelegate.h */,
				AE03BA9B1F02AF4000C1907F /* AppDelegate.m */,
				AE03BAA01F02AF4000C1907F /* Main.storyboard */,
				AE03BAA61F02AF4000C1907F /* Assets.xcassets */,
				AE03BAA81F02AF4000C1907F /* LaunchScreen.storyboard */,
				AE03BAAB1F02AF4000C1907F /* Info.plist */,
				AE03BAA31F02AF4000C1907F /* Livraria.xcdatamodeld */,
				AE03BA971F02AF4000C1907F /* Supporting Files */,
			);
			path = Livraria;
			sourceTree = "<group>";
		};
		AE03BA971F02AF4000C1907F /* Supporting Files */ = {
			isa = PBXGroup;
			children = (
				AE03BA981F02AF4000C1907F /* main.m */,
			);
			name = "Supporting Files";
			sourceTree = "<group>";
		};
		AE03BAB11F02B2C200C1907F /* Controller */ = {
			isa = PBXGroup;
			children = (
				AE03BAB21F02B45A00C1907F /* LivrosTableViewController.h */,
				AE03BAB31F02B45A00C1907F /* LivrosTableViewController.m */,
				AE03BAB51F02B4F800C1907F /* FavoritosTableViewController.h */,
				AE03BAB61F02B4F800C1907F /* FavoritosTableViewController.m */,
				AE03BAB81F02BC1E00C1907F /* LivroTableViewCell.h */,
				AE03BAB91F02BC1E00C1907F /* LivroTableViewCell.m */,
			);
			name = Controller;
			sourceTree = "<group>";
		};
		AE03BABB1F02C26500C1907F /* Imagens */ = {
			isa = PBXGroup;
			children = (
				AE03BABC1F02C29000C1907F /* ourocard.png */,
			);
			name = Imagens;
			sourceTree = "<group>";
		};
		AEED02B01F03D52D0071A911 /* Negocio */ = {
			isa = PBXGroup;
			children = (
				AEED02AD1F03D5230071A911 /* ItunesAPI.h */,
				AEED02AE1F03D5230071A911 /* ItunesAPI.m */,
			);
			name = Negocio;
			sourceTree = "<group>";
		};
/* End PBXGroup section */

/* Begin PBXNativeTarget section */
		AE03BA931F02AF4000C1907F /* Livraria */ = {
			isa = PBXNativeTarget;
			buildConfigurationList = AE03BAAE1F02AF4000C1907F /* Build configuration list for PBXNativeTarget "Livraria" */;
			buildPhases = (
				AE03BA901F02AF4000C1907F /* Sources */,
				AE03BA911F02AF4000C1907F /* Frameworks */,
				AE03BA921F02AF4000C1907F /* Resources */,
			);
			buildRules = (
			);
			dependencies = (
			);
			name = Livraria;
			productName = Livraria;
			productReference = AE03BA941F02AF4000C1907F /* Livraria.app */;
			productType = "com.apple.product-type.application";
		};
/* End PBXNativeTarget section */

/* Begin PBXProject section */
		AE03BA8C1F02AF4000C1907F /* Project object */ = {
			isa = PBXProject;
			attributes = {
				LastUpgradeCheck = 0830;
				ORGANIZATIONNAME = XCODE;
				TargetAttributes = {
					AE03BA931F02AF4000C1907F = {
						CreatedOnToolsVersion = 8.3.3;
						ProvisioningStyle = Automatic;
					};
				};
			};
			buildConfigurationList = AE03BA8F1F02AF4000C1907F /* Build configuration list for PBXProject "Livraria" */;
			compatibilityVersion = "Xcode 3.2";
			developmentRegion = English;
			hasScannedForEncodings = 0;
			knownRegions = (
				en,
				Base,
			);
			mainGroup = AE03BA8B1F02AF4000C1907F;
			productRefGroup = AE03BA951F02AF4000C1907F /* Products */;
			projectDirPath = "";
			projectRoot = "";
			targets = (
				AE03BA931F02AF4000C1907F /* Livraria */,
			);
		};
/* End PBXProject section */

/* Begin PBXResourcesBuildPhase section */
		AE03BA921F02AF4000C1907F /* Resources */ = {
			isa = PBXResourcesBuildPhase;
			buildActionMask = 2147483647;
			files = (
				AE03BAAA1F02AF4000C1907F /* LaunchScreen.storyboard in Resources */,
				AE03BAA71F02AF4000C1907F /* Assets.xcassets in Resources */,
				AE03BABD1F02C29000C1907F /* ourocard.png in Resources */,
				AE03BAA21F02AF4000C1907F /* Main.storyboard in Resources */,
			);
			runOnlyForDeploymentPostprocessing = 0;
		};
/* End PBXResourcesBuildPhase section */

/* Begin PBXSourcesBuildPhase section */
		AE03BA901F02AF4000C1907F /* Sources */ = {
			isa = PBXSourcesBuildPhase;
			buildActionMask = 2147483647;
			files = (
				AE03BAB71F02B4F800C1907F /* FavoritosTableViewController.m in Sources */,
				AE03BAB41F02B45A00C1907F /* LivrosTableViewController.m in Sources */,
				AE03BABA1F02BC1E00C1907F /* LivroTableViewCell.m in Sources */,
				AE03BA9C1F02AF4000C1907F /* AppDelegate.m in Sources */,
				AE03BA991F02AF4000C1907F /* main.m in Sources */,
				AEED02AF1F03D5230071A911 /* ItunesAPI.m in Sources */,
				AE03BAA51F02AF4000C1907F /* Livraria.xcdatamodeld in Sources */,
			);
			runOnlyForDeploymentPostprocessing = 0;
		};
/* End PBXSourcesBuildPhase section */

/* Begin PBXVariantGroup section */
		AE03BAA01F02AF4000C1907F /* Main.storyboard */ = {
			isa = PBXVariantGroup;
			children = (
				AE03BAA11F02AF4000C1907F /* Base */,
			);
			name = Main.storyboard;
			sourceTree = "<group>";
		};
		AE03BAA81F02AF4000C1907F /* LaunchScreen.storyboard */ = {
			isa = PBXVariantGroup;
			children = (
				AE03BAA91F02AF4000C1907F /* Base */,
			);
			name = LaunchScreen.storyboard;
			sourceTree = "<group>";
		};
/* End PBXVariantGroup section */

/* Begin XCBuildConfiguration section */
		AE03BAAC1F02AF4000C1907F /* Debug */ = {
			isa = XCBuildConfiguration;
			buildSettings = {
				ALWAYS_SEARCH_USER_PATHS = NO;
				CLANG_ANALYZER_NONNULL = YES;
				CLANG_ANALYZER_NUMBER_OBJECT_CONVERSION = YES_AGGRESSIVE;
				CLANG_CXX_LANGUAGE_STANDARD = "gnu++0x";
				CLANG_CXX_LIBRARY = "libc++";
				CLANG_ENABLE_MODULES = YES;
				CLANG_ENABLE_OBJC_ARC = YES;
				CLANG_WARN_BOOL_CONVERSION = YES;
				CLANG_WARN_CONSTANT_CONVERSION = YES;
				CLANG_WARN_DIRECT_OBJC_ISA_USAGE = YES_ERROR;
				CLANG_WARN_DOCUMENTATION_COMMENTS = YES;
				CLANG_WARN_EMPTY_BODY = YES;
				CLANG_WARN_ENUM_CONVERSION = YES;
				CLANG_WARN_INFINITE_RECURSION = YES;
				CLANG_WARN_INT_CONVERSION = YES;
				CLANG_WARN_OBJC_ROOT_CLASS = YES_ERROR;
				CLANG_WARN_SUSPICIOUS_MOVE = YES;
				CLANG_WARN_UNREACHABLE_CODE = YES;
				CLANG_WARN__DUPLICATE_METHOD_MATCH = YES;
				"CODE_SIGN_IDENTITY[sdk=iphoneos*]" = "iPhone Developer";
				COPY_PHASE_STRIP = NO;
				DEBUG_INFORMATION_FORMAT = dwarf;
				ENABLE_STRICT_OBJC_MSGSEND = YES;
				ENABLE_TESTABILITY = YES;
				GCC_C_LANGUAGE_STANDARD = gnu99;
				GCC_DYNAMIC_NO_PIC = NO;
				GCC_NO_COMMON_BLOCKS = YES;
				GCC_OPTIMIZATION_LEVEL = 0;
				GCC_PREPROCESSOR_DEFINITIONS = (
					"DEBUG=1",
					"$(inherited)",
				);
				GCC_WARN_64_TO_32_BIT_CONVERSION = YES;
				GCC_WARN_ABOUT_RETURN_TYPE = YES_ERROR;
				GCC_WARN_UNDECLARED_SELECTOR = YES;
				GCC_WARN_UNINITIALIZED_AUTOS = YES_AGGRESSIVE;
				GCC_WARN_UNUSED_FUNCTION = YES;
				GCC_WARN_UNUSED_VARIABLE = YES;
				IPHONEOS_DEPLOYMENT_TARGET = 10.3;
				MTL_ENABLE_DEBUG_INFO = YES;
				ONLY_ACTIVE_ARCH = YES;
				SDKROOT = iphoneos;
			};
			name = Debug;
		};
		AE03BAAD1F02AF4000C1907F /* Release */ = {
			isa = XCBuildConfiguration;
			buildSettings = {
				ALWAYS_SEARCH_USER_PATHS = NO;
				CLANG_ANALYZER_NONNULL = YES;
				CLANG_ANALYZER_NUMBER_OBJECT_CONVERSION = YES_AGGRESSIVE;
				CLANG_CXX_LANGUAGE_STANDARD = "gnu++0x";
				CLANG_CXX_LIBRARY = "libc++";
				CLANG_ENABLE_MODULES = YES;
				CLANG_ENABLE_OBJC_ARC = YES;
				CLANG_WARN_BOOL_CONVERSION = YES;
				CLANG_WARN_CONSTANT_CONVERSION = YES;
				CLANG_WARN_DIRECT_OBJC_ISA_USAGE = YES_ERROR;
				CLANG_WARN_DOCUMENTATION_COMMENTS = YES;
				CLANG_WARN_EMPTY_BODY = YES;
				CLANG_WARN_ENUM_CONVERSION = YES;
				CLANG_WARN_INFINITE_RECURSION = YES;
				CLANG_WARN_INT_CONVERSION = YES;
				CLANG_WARN_OBJC_ROOT_CLASS = YES_ERROR;
				CLANG_WARN_SUSPICIOUS_MOVE = YES;
				CLANG_WARN_UNREACHABLE_CODE = YES;
				CLANG_WARN__DUPLICATE_METHOD_MATCH = YES;
				"CODE_SIGN_IDENTITY[sdk=iphoneos*]" = "iPhone Developer";
				COPY_PHASE_STRIP = NO;
				DEBUG_INFORMATION_FORMAT = "dwarf-with-dsym";
				ENABLE_NS_ASSERTIONS = NO;
				ENABLE_STRICT_OBJC_MSGSEND = YES;
				GCC_C_LANGUAGE_STANDARD = gnu99;
				GCC_NO_COMMON_BLOCKS = YES;
				GCC_WARN_64_TO_32_BIT_CONVERSION = YES;
				GCC_WARN_ABOUT_RETURN_TYPE = YES_ERROR;
				GCC_WARN_UNDECLARED_SELECTOR = YES;
				GCC_WARN_UNINITIALIZED_AUTOS = YES_AGGRESSIVE;
				GCC_WARN_UNUSED_FUNCTION = YES;
				GCC_WARN_UNUSED_VARIABLE = YES;
				IPHONEOS_DEPLOYMENT_TARGET = 10.3;
				MTL_ENABLE_DEBUG_INFO = NO;
				SDKROOT = iphoneos;
				VALIDATE_PRODUCT = YES;
			};
			name = Release;
		};
		AE03BAAF1F02AF4000C1907F /* Debug */ = {
			isa = XCBuildConfiguration;
			buildSettings = {
				ASSETCATALOG_COMPILER_APPICON_NAME = AppIcon;
				INFOPLIST_FILE = Livraria/Info.plist;
				LD_RUNPATH_SEARCH_PATHS = "$(inherited) @executable_path/Frameworks";
				PRODUCT_BUNDLE_IDENTIFIER = br.com.lucas.Livraria;
				PRODUCT_NAME = "$(TARGET_NAME)";
			};
			name = Debug;
		};
		AE03BAB01F02AF4000C1907F /* Release */ = {
			isa = XCBuildConfiguration;
			buildSettings = {
				ASSETCATALOG_COMPILER_APPICON_NAME = AppIcon;
				INFOPLIST_FILE = Livraria/Info.plist;
				LD_RUNPATH_SEARCH_PATHS = "$(inherited) @executable_path/Frameworks";
				PRODUCT_BUNDLE_IDENTIFIER = br.com.lucas.Livraria;
				PRODUCT_NAME = "$(TARGET_NAME)";
			};
			name = Release;
		};
/* End XCBuildConfiguration section */

/* Begin XCConfigurationList section */
		AE03BA8F1F02AF4000C1907F /* Build configuration list for PBXProject "Livraria" */ = {
			isa = XCConfigurationList;
			buildConfigurations = (
				AE03BAAC1F02AF4000C1907F /* Debug */,
				AE03BAAD1F02AF4000C1907F /* Release */,
			);
			defaultConfigurationIsVisible = 0;
			defaultConfigurationName = Release;
		};
		AE03BAAE1F02AF4000C1907F /* Build configuration list for PBXNativeTarget "Livraria" */ = {
			isa = XCConfigurationList;
			buildConfigurations = (
				AE03BAAF1F02AF4000C1907F /* Debug */,
				AE03BAB01F02AF4000C1907F /* Release */,
			);
			defaultConfigurationIsVisible = 0;
			defaultConfigurationName = Release;
		};
/* End XCConfigurationList section */

/* Begin XCVersionGroup section */
		AE03BAA31F02AF4000C1907F /* Livraria.xcdatamodeld */ = {
			isa = XCVersionGroup;
			children = (
				AE03BAA41F02AF4000C1907F /* Livraria.xcdatamodel */,
			);
			currentVersion = AE03BAA41F02AF4000C1907F /* Livraria.xcdatamodel */;
			path = Livraria.xcdatamodeld;
			sourceTree = "<group>";
			versionGroupType = wrapper.xcdatamodel;
		};
/* End XCVersionGroup section */
	};
	rootObject = AE03BA8C1F02AF4000C1907F /* Project object */;
}
